
Microsoft Visual Studio Solution File, Format Version 11.00
# Visual Studio 2010
Project("{FAE04EC0-301F-11D3-BF4B-00C04F79EFBC}") = "4043DGit", "Assembly-CSharp.csproj", "{4767C71A-1B74-C8AB-EA00-C77FD1473113}"
EndProject
Global
	GlobalSection(SolutionConfigurationPlatforms) = preSolution
		Debug|Any CPU = Debug|Any CPU
		Release|Any CPU = Release|Any CPU
	EndGlobalSection
	GlobalSection(ProjectConfigurationPlatforms) = postSolution
		{4767C71A-1B74-C8AB-EA00-C77FD1473113}.Debug|Any CPU.ActiveCfg = Debug|Any CPU
		{4767C71A-1B74-C8AB-EA00-C77FD1473113}.Debug|Any CPU.Build.0 = Debug|Any CPU
		{4767C71A-1B74-C8AB-EA00-C77FD1473113}.Release|Any CPU.ActiveCfg = Release|Any CPU
		{4767C71A-1B74-C8AB-EA00-C77FD1473113}.Release|Any CPU.Build.0 = Release|Any CPU
	EndGlobalSection
	GlobalSection(SolutionProperties) = preSolution
		HideSolutionNode = FALSE
	EndGlobalSection
	GlobalSection(MonoDevelopProperties) = preSolution
		StartupItem = Assembly-CSharp.csproj
	EndGlobalSection
EndGlobal
